
Microsoft Visual Studio Solution File, Format Version 12.00
# Visual Studio Version 17
VisualStudioVersion = 17.5.002.0
MinimumVisualStudioVersion = 10.0.40219.1
Project("{2150E333-8FDC-42A3-9474-1A3956D46DE8}") = "src", "src", "{666AB1CF-1FC6-4B0D-B3FB-EE32B0DCB3A2}"
EndProject
Project("{9A19103F-16F7-4668-BE54-9A1E7A4F7556}") = "netsuso", "src\netsuso\netsuso.csproj", "{0060653C-1201-4A20-B408-09967E62BCC6}"
EndProject
Project("{2150E333-8FDC-42A3-9474-1A3956D46DE8}") = "tests", "tests", "{3BF9148F-651B-4199-A492-9170230D1F81}"
EndProject
Project("{FAE04EC0-301F-11D3-BF4B-00C04F79EFBC}") = "netsuso_nunit", "tests\netsuso_nunit\netsuso_nunit.csproj", "{FCDC4A05-463F-43D5-A057-B481AAD18207}"
EndProject
Project("{FAE04EC0-301F-11D3-BF4B-00C04F79EFBC}") = "examples", "src\examples\examples.csproj", "{FF9FC877-C116-41E3-BED2-F3C3F371C77A}"
EndProject
Global
	GlobalSection(SolutionConfigurationPlatforms) = preSolution
		Debug|Any CPU = Debug|Any CPU
		Release|Any CPU = Release|Any CPU
	EndGlobalSection
	GlobalSection(ProjectConfigurationPlatforms) = postSolution
		{0060653C-1201-4A20-B408-09967E62BCC6}.Debug|Any CPU.ActiveCfg = Debug|Any CPU
		{0060653C-1201-4A20-B408-09967E62BCC6}.Debug|Any CPU.Build.0 = Debug|Any CPU
		{0060653C-1201-4A20-B408-09967E62BCC6}.Release|Any CPU.ActiveCfg = Release|Any CPU
		{0060653C-1201-4A20-B408-09967E62BCC6}.Release|Any CPU.Build.0 = Release|Any CPU
		{FCDC4A05-463F-43D5-A057-B481AAD18207}.Debug|Any CPU.ActiveCfg = Debug|Any CPU
		{FCDC4A05-463F-43D5-A057-B481AAD18207}.Debug|Any CPU.Build.0 = Debug|Any CPU
		{FCDC4A05-463F-43D5-A057-B481AAD18207}.Release|Any CPU.ActiveCfg = Release|Any CPU
		{FCDC4A05-463F-43D5-A057-B481AAD18207}.Release|Any CPU.Build.0 = Release|Any CPU
		{FF9FC877-C116-41E3-BED2-F3C3F371C77A}.Debug|Any CPU.ActiveCfg = Debug|Any CPU
		{FF9FC877-C116-41E3-BED2-F3C3F371C77A}.Debug|Any CPU.Build.0 = Debug|Any CPU
		{FF9FC877-C116-41E3-BED2-F3C3F371C77A}.Release|Any CPU.ActiveCfg = Release|Any CPU
		{FF9FC877-C116-41E3-BED2-F3C3F371C77A}.Release|Any CPU.Build.0 = Release|Any CPU
	EndGlobalSection
	GlobalSection(SolutionProperties) = preSolution
		HideSolutionNode = FALSE
	EndGlobalSection
	GlobalSection(NestedProjects) = preSolution
		{0060653C-1201-4A20-B408-09967E62BCC6} = {666AB1CF-1FC6-4B0D-B3FB-EE32B0DCB3A2}
		{FCDC4A05-463F-43D5-A057-B481AAD18207} = {3BF9148F-651B-4199-A492-9170230D1F81}
		{FF9FC877-C116-41E3-BED2-F3C3F371C77A} = {666AB1CF-1FC6-4B0D-B3FB-EE32B0DCB3A2}
	EndGlobalSection
	GlobalSection(ExtensibilityGlobals) = postSolution
		SolutionGuid = {FD993206-3AD3-43F4-880F-D848B5DA2F67}
	EndGlobalSection
EndGlobal
